
Microsoft Visual Studio Solution File, Format Version 12.00
# Visual Studio Version 17
VisualStudioVersion = 17.9.34701.34
MinimumVisualStudioVersion = 10.0.40219.1
Project("{FAE04EC0-301F-11D3-BF4B-00C04F79EFBC}") = "ADO.NET_14.05", "ADO.NET_14.05\ADO.NET_14.05.csproj", "{97F578C9-488B-4B19-987C-F006692E07A0}"
EndProject
Project("{FAE04EC0-301F-11D3-BF4B-00C04F79EFBC}") = "Models", "Models\Models.csproj", "{310F8026-EAEB-45B5-8E72-F551F13A3DD6}"
EndProject
Project("{FAE04EC0-301F-11D3-BF4B-00C04F79EFBC}") = "Data", "GameData\Data.csproj", "{8682C047-379B-422B-B062-E8F3AAFB9784}"
EndProject
Global
	GlobalSection(SolutionConfigurationPlatforms) = preSolution
		Debug|Any CPU = Debug|Any CPU
		Release|Any CPU = Release|Any CPU
	EndGlobalSection
	GlobalSection(ProjectConfigurationPlatforms) = postSolution
		{97F578C9-488B-4B19-987C-F006692E07A0}.Debug|Any CPU.ActiveCfg = Debug|Any CPU
		{97F578C9-488B-4B19-987C-F006692E07A0}.Debug|Any CPU.Build.0 = Debug|Any CPU
		{97F578C9-488B-4B19-987C-F006692E07A0}.Release|Any CPU.ActiveCfg = Release|Any CPU
		{97F578C9-488B-4B19-987C-F006692E07A0}.Release|Any CPU.Build.0 = Release|Any CPU
		{310F8026-EAEB-45B5-8E72-F551F13A3DD6}.Debug|Any CPU.ActiveCfg = Debug|Any CPU
		{310F8026-EAEB-45B5-8E72-F551F13A3DD6}.Debug|Any CPU.Build.0 = Debug|Any CPU
		{310F8026-EAEB-45B5-8E72-F551F13A3DD6}.Release|Any CPU.ActiveCfg = Release|Any CPU
		{310F8026-EAEB-45B5-8E72-F551F13A3DD6}.Release|Any CPU.Build.0 = Release|Any CPU
		{8682C047-379B-422B-B062-E8F3AAFB9784}.Debug|Any CPU.ActiveCfg = Debug|Any CPU
		{8682C047-379B-422B-B062-E8F3AAFB9784}.Debug|Any CPU.Build.0 = Debug|Any CPU
		{8682C047-379B-422B-B062-E8F3AAFB9784}.Release|Any CPU.ActiveCfg = Release|Any CPU
		{8682C047-379B-422B-B062-E8F3AAFB9784}.Release|Any CPU.Build.0 = Release|Any CPU
	EndGlobalSection
	GlobalSection(SolutionProperties) = preSolution
		HideSolutionNode = FALSE
	EndGlobalSection
	GlobalSection(ExtensibilityGlobals) = postSolution
		SolutionGuid = {E0626A72-5058-4F50-8AC3-D58FBED4E66B}
	EndGlobalSection
EndGlobal
